
Microsoft Visual Studio Solution File, Format Version 12.00
# Visual Studio 15
VisualStudioVersion = 15.0.27004.2010
MinimumVisualStudioVersion = 10.0.40219.1
Project("{F184B08F-C81C-45F6-A57F-5ABD9991F28F}") = "ClearButtons", "ClearButtons\ClearButtons.vbproj", "{07F9EE10-D8F4-46CE-901F-4723AB87DFCE}"
EndProject
Global
	GlobalSection(SolutionConfigurationPlatforms) = preSolution
		Debug|Any CPU = Debug|Any CPU
		Release|Any CPU = Release|Any CPU
	EndGlobalSection
	GlobalSection(ProjectConfigurationPlatforms) = postSolution
		{07F9EE10-D8F4-46CE-901F-4723AB87DFCE}.Debug|Any CPU.ActiveCfg = Debug|Any CPU
		{07F9EE10-D8F4-46CE-901F-4723AB87DFCE}.Debug|Any CPU.Build.0 = Debug|Any CPU
		{07F9EE10-D8F4-46CE-901F-4723AB87DFCE}.Release|Any CPU.ActiveCfg = Release|Any CPU
		{07F9EE10-D8F4-46CE-901F-4723AB87DFCE}.Release|Any CPU.Build.0 = Release|Any CPU
	EndGlobalSection
	GlobalSection(SolutionProperties) = preSolution
		HideSolutionNode = FALSE
	EndGlobalSection
	GlobalSection(ExtensibilityGlobals) = postSolution
		SolutionGuid = {B08905E8-0A95-49D6-9201-FC0E5536676D}
	EndGlobalSection
EndGlobal
